
Microsoft Visual Studio Solution File, Format Version 12.00
# Visual Studio Version 17
VisualStudioVersion = 17.7.34031.279
MinimumVisualStudioVersion = 10.0.40219.1
Project("{FAE04EC0-301F-11D3-BF4B-00C04F79EFBC}") = "özellikler", "özellikler\özellikler.csproj", "{17BC839F-F81D-41A1-953E-6DD4ED9DE948}"
EndProject
Global
	GlobalSection(SolutionConfigurationPlatforms) = preSolution
		Debug|Any CPU = Debug|Any CPU
		Release|Any CPU = Release|Any CPU
	EndGlobalSection
	GlobalSection(ProjectConfigurationPlatforms) = postSolution
		{17BC839F-F81D-41A1-953E-6DD4ED9DE948}.Debug|Any CPU.ActiveCfg = Debug|Any CPU
		{17BC839F-F81D-41A1-953E-6DD4ED9DE948}.Debug|Any CPU.Build.0 = Debug|Any CPU
		{17BC839F-F81D-41A1-953E-6DD4ED9DE948}.Release|Any CPU.ActiveCfg = Release|Any CPU
		{17BC839F-F81D-41A1-953E-6DD4ED9DE948}.Release|Any CPU.Build.0 = Release|Any CPU
	EndGlobalSection
	GlobalSection(SolutionProperties) = preSolution
		HideSolutionNode = FALSE
	EndGlobalSection
	GlobalSection(ExtensibilityGlobals) = postSolution
		SolutionGuid = {7836EE6D-5D79-45A5-AEF5-5600D38B4DAC}
	EndGlobalSection
EndGlobal
